{
  "version": "5",
  "specifiers": {
    "jsr:@img/internal@~0.1.1": "0.1.1",
    "jsr:@img/png@*": "0.1.6",
    "jsr:@std/assert@*": "1.0.19",
    "jsr:@std/internal@^1.0.12": "1.0.13",
    "jsr:@supabase/functions-js@^0.0.0-automated": "0.0.0-jsr-test.1",
    "jsr:@supabase/supabase-js@2": "2.105.1"
  },
  "jsr": {
    "@img/internal@0.1.1": {
      "integrity": "3f3f58a02d959f913e4715ca1d33064858eb7c32935d351d6357d6bd48b57a70"
    },
    "@img/png@0.1.6": {
      "integrity": "b24db019c96bb0e4fea6a2b1d01c5cc995a56cbc1fe7e40ff77224744e42e37c",
      "dependencies": [
        "jsr:@img/internal"
      ]
    },
    "@std/assert@1.0.19": {
      "integrity": "eaada96ee120cb980bc47e040f82814d786fe8162ecc53c91d8df60b8755991e",
      "dependencies": [
        "jsr:@std/internal"
      ]
    },
    "@std/internal@1.0.13": {
      "integrity": "2f9546691d4ac2d32859c82dff284aaeac980ddeca38430d07941e7e288725c0"
    },
    "@supabase/functions-js@0.0.0-jsr-test.1": {
      "integrity": "b1b37924af1f0011b4753201e1585a37b030e996c6682492e02575eb27d902b2"
    },
    "@supabase/supabase-js@2.105.1": {
      "integrity": "f45f9322ad8bca1d98e6ea56fafde1eb3fd3438f6f20805c797080fe7157132a",
      "dependencies": [
        "jsr:@supabase/functions-js"
      ]
    }
  },
  "workspace": {
    "packageJson": {
      "dependencies": [
        "npm:@supabase/supabase-js@^2.45.0",
        "npm:@types/react-dom@^18.3.0",
        "npm:@types/react@^18.3.5",
        "npm:@vitejs/plugin-react@^4.3.1",
        "npm:autoprefixer@^10.4.20",
        "npm:postcss@^8.4.47",
        "npm:react-dom@^18.3.1",
        "npm:react@^18.3.1",
        "npm:tailwindcss@^3.4.14",
        "npm:typescript@^5.5.3",
        "npm:vite@^5.4.8",
        "npm:zustand@5"
      ]
    }
  }
}
